
Microsoft Visual Studio Solution File, Format Version 12.00
# Visual Studio Version 17
VisualStudioVersion = 17.14.36408.4 d17.14
MinimumVisualStudioVersion = 10.0.40219.1
Project("{FAE04EC0-301F-11D3-BF4B-00C04F79EFBC}") = "API", "API\API.csproj", "{E09C7BE9-3C38-4915-B13B-893D5207B375}"
EndProject
Project("{FAE04EC0-301F-11D3-BF4B-00C04F79EFBC}") = "Business", "Business\Business.csproj", "{D5736EB4-EEE6-4C70-A6D1-2856BD2695DC}"
EndProject
Project("{FAE04EC0-301F-11D3-BF4B-00C04F79EFBC}") = "Data", "Data\Data.csproj", "{9AD5D06A-24E0-44FF-B409-BAEB91EEDC23}"
EndProject
Project("{FAE04EC0-301F-11D3-BF4B-00C04F79EFBC}") = "Core", "Core\Core.csproj", "{D5CC842E-B8CF-46D9-AA0E-BA3B5A9218F9}"
EndProject
Global
	GlobalSection(SolutionConfigurationPlatforms) = preSolution
		Debug|Any CPU = Debug|Any CPU
		Release|Any CPU = Release|Any CPU
	EndGlobalSection
	GlobalSection(ProjectConfigurationPlatforms) = postSolution
		{E09C7BE9-3C38-4915-B13B-893D5207B375}.Debug|Any CPU.ActiveCfg = Debug|Any CPU
		{E09C7BE9-3C38-4915-B13B-893D5207B375}.Debug|Any CPU.Build.0 = Debug|Any CPU
		{E09C7BE9-3C38-4915-B13B-893D5207B375}.Release|Any CPU.ActiveCfg = Release|Any CPU
		{E09C7BE9-3C38-4915-B13B-893D5207B375}.Release|Any CPU.Build.0 = Release|Any CPU
		{D5736EB4-EEE6-4C70-A6D1-2856BD2695DC}.Debug|Any CPU.ActiveCfg = Debug|Any CPU
		{D5736EB4-EEE6-4C70-A6D1-2856BD2695DC}.Debug|Any CPU.Build.0 = Debug|Any CPU
		{D5736EB4-EEE6-4C70-A6D1-2856BD2695DC}.Release|Any CPU.ActiveCfg = Release|Any CPU
		{D5736EB4-EEE6-4C70-A6D1-2856BD2695DC}.Release|Any CPU.Build.0 = Release|Any CPU
		{9AD5D06A-24E0-44FF-B409-BAEB91EEDC23}.Debug|Any CPU.ActiveCfg = Debug|Any CPU
		{9AD5D06A-24E0-44FF-B409-BAEB91EEDC23}.Debug|Any CPU.Build.0 = Debug|Any CPU
		{9AD5D06A-24E0-44FF-B409-BAEB91EEDC23}.Release|Any CPU.ActiveCfg = Release|Any CPU
		{9AD5D06A-24E0-44FF-B409-BAEB91EEDC23}.Release|Any CPU.Build.0 = Release|Any CPU
		{D5CC842E-B8CF-46D9-AA0E-BA3B5A9218F9}.Debug|Any CPU.ActiveCfg = Debug|Any CPU
		{D5CC842E-B8CF-46D9-AA0E-BA3B5A9218F9}.Debug|Any CPU.Build.0 = Debug|Any CPU
		{D5CC842E-B8CF-46D9-AA0E-BA3B5A9218F9}.Release|Any CPU.ActiveCfg = Release|Any CPU
		{D5CC842E-B8CF-46D9-AA0E-BA3B5A9218F9}.Release|Any CPU.Build.0 = Release|Any CPU
	EndGlobalSection
	GlobalSection(SolutionProperties) = preSolution
		HideSolutionNode = FALSE
	EndGlobalSection
	GlobalSection(ExtensibilityGlobals) = postSolution
		SolutionGuid = {DDBFE6E4-73AB-49EC-8CC9-85FD886DDA6D}
	EndGlobalSection
EndGlobal
